
Microsoft Visual Studio Solution File, Format Version 12.00
# Visual Studio Version 16
VisualStudioVersion = 16.0.31424.327
MinimumVisualStudioVersion = 10.0.40219.1
Project("{FAE04EC0-301F-11D3-BF4B-00C04F79EFBC}") = "FoolPROJECT", "FoolPROJECT.csproj", "{BDBE17D6-8F17-4000-B680-05604D2014D9}"
EndProject
Global
	GlobalSection(SolutionConfigurationPlatforms) = preSolution
		Debug|Any CPU = Debug|Any CPU
		Release|Any CPU = Release|Any CPU
	EndGlobalSection
	GlobalSection(ProjectConfigurationPlatforms) = postSolution
		{BDBE17D6-8F17-4000-B680-05604D2014D9}.Debug|Any CPU.ActiveCfg = Debug|Any CPU
		{BDBE17D6-8F17-4000-B680-05604D2014D9}.Debug|Any CPU.Build.0 = Debug|Any CPU
		{BDBE17D6-8F17-4000-B680-05604D2014D9}.Release|Any CPU.ActiveCfg = Release|Any CPU
		{BDBE17D6-8F17-4000-B680-05604D2014D9}.Release|Any CPU.Build.0 = Release|Any CPU
	EndGlobalSection
	GlobalSection(SolutionProperties) = preSolution
		HideSolutionNode = FALSE
	EndGlobalSection
	GlobalSection(ExtensibilityGlobals) = postSolution
		SolutionGuid = {2645F06C-014A-49F8-B117-D04FE4302E90}
	EndGlobalSection
EndGlobal
